
Microsoft Visual Studio Solution File, Format Version 12.00
# Visual Studio 15
VisualStudioVersion = 15.0.27703.2026
MinimumVisualStudioVersion = 10.0.40219.1
Project("{FAE04EC0-301F-11D3-BF4B-00C04F79EFBC}") = "PracticeASPNETCORE", "PracticeASPNETCORE\PracticeASPNETCORE.csproj", "{BDA1193C-F8D0-48D2-98E7-6D01E62C3F79}"
EndProject
Global
	GlobalSection(SolutionConfigurationPlatforms) = preSolution
		Debug|Any CPU = Debug|Any CPU
		Release|Any CPU = Release|Any CPU
	EndGlobalSection
	GlobalSection(ProjectConfigurationPlatforms) = postSolution
		{BDA1193C-F8D0-48D2-98E7-6D01E62C3F79}.Debug|Any CPU.ActiveCfg = Debug|Any CPU
		{BDA1193C-F8D0-48D2-98E7-6D01E62C3F79}.Debug|Any CPU.Build.0 = Debug|Any CPU
		{BDA1193C-F8D0-48D2-98E7-6D01E62C3F79}.Release|Any CPU.ActiveCfg = Release|Any CPU
		{BDA1193C-F8D0-48D2-98E7-6D01E62C3F79}.Release|Any CPU.Build.0 = Release|Any CPU
	EndGlobalSection
	GlobalSection(SolutionProperties) = preSolution
		HideSolutionNode = FALSE
	EndGlobalSection
	GlobalSection(ExtensibilityGlobals) = postSolution
		SolutionGuid = {AD4E006D-96F0-42C1-BD86-0976DF933158}
	EndGlobalSection
EndGlobal
